
Microsoft Visual Studio Solution File, Format Version 12.00
# Visual Studio Version 16
VisualStudioVersion = 16.0.29926.136
MinimumVisualStudioVersion = 10.0.40219.1
Project("{FAE04EC0-301F-11D3-BF4B-00C04F79EFBC}") = "1 - Primeiro Projeto", "1 - Primeiro Projeto\1 - Primeiro Projeto.csproj", "{EEC32546-172A-4335-9623-81032A3A3837}"
EndProject
Global
	GlobalSection(SolutionConfigurationPlatforms) = preSolution
		Debug|Any CPU = Debug|Any CPU
		Release|Any CPU = Release|Any CPU
	EndGlobalSection
	GlobalSection(ProjectConfigurationPlatforms) = postSolution
		{EEC32546-172A-4335-9623-81032A3A3837}.Debug|Any CPU.ActiveCfg = Debug|Any CPU
		{EEC32546-172A-4335-9623-81032A3A3837}.Debug|Any CPU.Build.0 = Debug|Any CPU
		{EEC32546-172A-4335-9623-81032A3A3837}.Release|Any CPU.ActiveCfg = Release|Any CPU
		{EEC32546-172A-4335-9623-81032A3A3837}.Release|Any CPU.Build.0 = Release|Any CPU
	EndGlobalSection
	GlobalSection(SolutionProperties) = preSolution
		HideSolutionNode = FALSE
	EndGlobalSection
	GlobalSection(ExtensibilityGlobals) = postSolution
		SolutionGuid = {AAF9A9C4-6E70-4594-8FC2-3B9513064667}
	EndGlobalSection
EndGlobal
